// !$*UTF8*$!
{
	archiveVersion = 1;
	classes = {
	};
	objectVersion = 46;
	objects = {

/* Begin PBXBuildFile section */
		A6ED60CE1AB550A400EA5F9F /* main.m in Sources */ = {isa = PBXBuildFile; fileRef = A6ED60CD1AB550A400EA5F9F /* main.m */; };
		A6ED60D11AB550A400EA5F9F /* AppDelegate.m in Sources */ = {isa = PBXBuildFile; fileRef = A6ED60D01AB550A400EA5F9F /* AppDelegate.m */; };
		A6ED60D41AB550A400EA5F9F /* FirstViewController.m in Sources */ = {isa = PBXBuildFile; fileRef = A6ED60D31AB550A400EA5F9F /* FirstViewController.m */; };
		A6ED60D71AB550A400EA5F9F /* SecondViewController.m in Sources */ = {isa = PBXBuildFile; fileRef = A6ED60D61AB550A400EA5F9F /* SecondViewController.m */; };
		A6ED60DA1AB550A400EA5F9F /* Main.storyboard in Resources */ = {isa = PBXBuildFile; fileRef = A6ED60D81AB550A400EA5F9F /* Main.storyboard */; };
		A6ED60DC1AB550A500EA5F9F /* Images.xcassets in Resources */ = {isa = PBXBuildFile; fileRef = A6ED60DB1AB550A500EA5F9F /* Images.xcassets */; };
		A6ED60DF1AB550A500EA5F9F /* LaunchScreen.xib in Resources */ = {isa = PBXBuildFile; fileRef = A6ED60DD1AB550A500EA5F9F /* LaunchScreen.xib */; };
		A6ED60EB1AB550A500EA5F9F /* AEDMapTests.m in Sources */ = {isa = PBXBuildFile; fileRef = A6ED60EA1AB550A500EA5F9F /* AEDMapTests.m */; };
/* End PBXBuildFile section */

/* Begin PBXContainerItemProxy section */
		A6ED60E51AB550A500EA5F9F /* PBXContainerItemProxy */ = {
			isa = PBXContainerItemProxy;
			containerPortal = A6ED60C01AB550A400EA5F9F /* Project object */;
			proxyType = 1;
			remoteGlobalIDString = A6ED60C71AB550A400EA5F9F;
			remoteInfo = AEDMap;
		};
/* End PBXContainerItemProxy section */

/* Begin PBXFileReference section */
		A68D8D6F1AC2CE1D007E6D28 /* AEDMap-PrefixHeader.pch */ = {isa = PBXFileReference; fileEncoding = 4; lastKnownFileType = sourcecode.c.h; path = "AEDMap-PrefixHeader.pch"; sourceTree = "<group>"; };
		A6ED60C81AB550A400EA5F9F /* AEDMap.app */ = {isa = PBXFileReference; explicitFileType = wrapper.application; includeInIndex = 0; path = AEDMap.app; sourceTree = BUILT_PRODUCTS_DIR; };
		A6ED60CC1AB550A400EA5F9F /* Info.plist */ = {isa = PBXFileReference; lastKnownFileType = text.plist.xml; path = Info.plist; sourceTree = "<group>"; };
		A6ED60CD1AB550A400EA5F9F /* main.m */ = {isa = PBXFileReference; lastKnownFileType = sourcecode.c.objc; path = main.m; sourceTree = "<group>"; };
		A6ED60CF1AB550A400EA5F9F /* AppDelegate.h */ = {isa = PBXFileReference; lastKnownFileType = sourcecode.c.h; path = AppDelegate.h; sourceTree = "<group>"; };
		A6ED60D01AB550A400EA5F9F /* AppDelegate.m */ = {isa = PBXFileReference; lastKnownFileType = sourcecode.c.objc; path = AppDelegate.m; sourceTree = "<group>"; };
		A6ED60D21AB550A400EA5F9F /* FirstViewController.h */ = {isa = PBXFileReference; lastKnownFileType = sourcecode.c.h; path = FirstViewController.h; sourceTree = "<group>"; };
		A6ED60D31AB550A400EA5F9F /* FirstViewController.m */ = {isa = PBXFileReference; lastKnownFileType = sourcecode.c.objc; path = FirstViewController.m; sourceTree = "<group>"; };
		A6ED60D51AB550A400EA5F9F /* SecondViewController.h */ = {isa = PBXFileReference; lastKnownFileType = sourcecode.c.h; path = SecondViewController.h; sourceTree = "<group>"; };
		A6ED60D61AB550A400EA5F9F /* SecondViewController.m */ = {isa = PBXFileReference; lastKnownFileType = sourcecode.c.objc; path = SecondViewController.m; sourceTree = "<group>"; };
		A6ED60D91AB550A400EA5F9F /* Base */ = {isa = PBXFileReference; lastKnownFileType = file.storyboard; name = Base; path = Base.lproj/Main.storyboard; sourceTree = "<group>"; };
		A6ED60DB1AB550A500EA5F9F /* Images.xcassets */ = {isa = PBXFileReference; lastKnownFileType = folder.assetcatalog; path = Images.xcassets; sourceTree = "<group>"; };
		A6ED60DE1AB550A500EA5F9F /* Base */ = {isa = PBXFileReference; lastKnownFileType = file.xib; name = Base; path = Base.lproj/LaunchScreen.xib; sourceTree = "<group>"; };
		A6ED60E41AB550A500EA5F9F /* AEDMapTests.xctest */ = {isa = PBXFileReference; explicitFileType = wrapper.cfbundle; includeInIndex = 0; path = AEDMapTests.xctest; sourceTree = BUILT_PRODUCTS_DIR; };
		A6ED60E91AB550A500EA5F9F /* Info.plist */ = {isa = PBXFileReference; lastKnownFileType = text.plist.xml; path = Info.plist; sourceTree = "<group>"; };
		A6ED60EA1AB550A500EA5F9F /* AEDMapTests.m */ = {isa = PBXFileReference; lastKnownFileType = sourcecode.c.objc; path = AEDMapTests.m; sourceTree = "<group>"; };
/* End PBXFileReference section */

/* Begin PBXFrameworksBuildPhase section */
		A6ED60C51AB550A400EA5F9F /* Frameworks */ = {
			isa = PBXFrameworksBuildPhase;
			buildActionMask = 2147483647;
			files = (
			);
			runOnlyForDeploymentPostprocessing = 0;
		};
		A6ED60E11AB550A500EA5F9F /* Frameworks */ = {
			isa = PBXFrameworksBuildPhase;
			buildActionMask = 2147483647;
			files = (
			);
			runOnlyForDeploymentPostprocessing = 0;
		};
/* End PBXFrameworksBuildPhase section */

/* Begin PBXGroup section */
		A6ED60BF1AB550A400EA5F9F = {
			isa = PBXGroup;
			children = (
				A6ED60CA1AB550A400EA5F9F /* AEDMap */,
				A6ED60E71AB550A500EA5F9F /* AEDMapTests */,
				A6ED60C91AB550A400EA5F9F /* Products */,
			);
			sourceTree = "<group>";
		};
		A6ED60C91AB550A400EA5F9F /* Products */ = {
			isa = PBXGroup;
			children = (
				A6ED60C81AB550A400EA5F9F /* AEDMap.app */,
				A6ED60E41AB550A500EA5F9F /* AEDMapTests.xctest */,
			);
			name = Products;
			sourceTree = "<group>";
		};
		A6ED60CA1AB550A400EA5F9F /* AEDMap */ = {
			isa = PBXGroup;
			children = (
				A6ED60CF1AB550A400EA5F9F /* AppDelegate.h */,
				A6ED60D01AB550A400EA5F9F /* AppDelegate.m */,
				A6ED60D21AB550A400EA5F9F /* FirstViewController.h */,
				A6ED60D31AB550A400EA5F9F /* FirstViewController.m */,
				A6ED60D51AB550A400EA5F9F /* SecondViewController.h */,
				A6ED60D61AB550A400EA5F9F /* SecondViewController.m */,
				A6ED60D81AB550A400EA5F9F /* Main.storyboard */,
				A6ED60DB1AB550A500EA5F9F /* Images.xcassets */,
				A6ED60DD1AB550A500EA5F9F /* LaunchScreen.xib */,
				A6ED60CB1AB550A400EA5F9F /* Supporting Files */,
			);
			path = AEDMap;
			sourceTree = "<group>";
		};
		A6ED60CB1AB550A400EA5F9F /* Supporting Files */ = {
			isa = PBXGroup;
			children = (
				A68D8D6F1AC2CE1D007E6D28 /* AEDMap-PrefixHeader.pch */,
				A6ED60CC1AB550A400EA5F9F /* Info.plist */,
				A6ED60CD1AB550A400EA5F9F /* main.m */,
			);
			name = "Supporting Files";
			sourceTree = "<group>";
		};
		A6ED60E71AB550A500EA5F9F /* AEDMapTests */ = {
			isa = PBXGroup;
			children = (
				A6ED60EA1AB550A500EA5F9F /* AEDMapTests.m */,
				A6ED60E81AB550A500EA5F9F /* Supporting Files */,
			);
			path = AEDMapTests;
			sourceTree = "<group>";
		};
		A6ED60E81AB550A500EA5F9F /* Supporting Files */ = {
			isa = PBXGroup;
			children = (
				A6ED60E91AB550A500EA5F9F /* Info.plist */,
			);
			name = "Supporting Files";
			sourceTree = "<group>";
		};
/* End PBXGroup section */

/* Begin PBXNativeTarget section */
		A6ED60C71AB550A400EA5F9F /* AEDMap */ = {
			isa = PBXNativeTarget;
			buildConfigurationList = A6ED60EE1AB550A500EA5F9F /* Build configuration list for PBXNativeTarget "AEDMap" */;
			buildPhases = (
				A6ED60C41AB550A400EA5F9F /* Sources */,
				A6ED60C51AB550A400EA5F9F /* Frameworks */,
				A6ED60C61AB550A400EA5F9F /* Resources */,
			);
			buildRules = (
			);
			dependencies = (
			);
			name = AEDMap;
			productName = AEDMap;
			productReference = A6ED60C81AB550A400EA5F9F /* AEDMap.app */;
			productType = "com.apple.product-type.application";
		};
		A6ED60E31AB550A500EA5F9F /* AEDMapTests */ = {
			isa = PBXNativeTarget;
			buildConfigurationList = A6ED60F11AB550A500EA5F9F /* Build configuration list for PBXNativeTarget "AEDMapTests" */;
			buildPhases = (
				A6ED60E01AB550A500EA5F9F /* Sources */,
				A6ED60E11AB550A500EA5F9F /* Frameworks */,
				A6ED60E21AB550A500EA5F9F /* Resources */,
			);
			buildRules = (
			);
			dependencies = (
				A6ED60E61AB550A500EA5F9F /* PBXTargetDependency */,
			);
			name = AEDMapTests;
			productName = AEDMapTests;
			productReference = A6ED60E41AB550A500EA5F9F /* AEDMapTests.xctest */;
			productType = "com.apple.product-type.bundle.unit-test";
		};
/* End PBXNativeTarget section */

/* Begin PBXProject section */
		A6ED60C01AB550A400EA5F9F /* Project object */ = {
			isa = PBXProject;
			attributes = {
				CLASSPREFIX = AM;
				LastUpgradeCheck = 0610;
				TargetAttributes = {
					A6ED60C71AB550A400EA5F9F = {
						CreatedOnToolsVersion = 6.1.1;
					};
					A6ED60E31AB550A500EA5F9F = {
						CreatedOnToolsVersion = 6.1.1;
						TestTargetID = A6ED60C71AB550A400EA5F9F;
					};
				};
			};
			buildConfigurationList = A6ED60C31AB550A400EA5F9F /* Build configuration list for PBXProject "AEDMap" */;
			compatibilityVersion = "Xcode 3.2";
			developmentRegion = English;
			hasScannedForEncodings = 0;
			knownRegions = (
				en,
				Base,
			);
			mainGroup = A6ED60BF1AB550A400EA5F9F;
			productRefGroup = A6ED60C91AB550A400EA5F9F /* Products */;
			projectDirPath = "";
			projectRoot = "";
			targets = (
				A6ED60C71AB550A400EA5F9F /* AEDMap */,
				A6ED60E31AB550A500EA5F9F /* AEDMapTests */,
			);
		};
/* End PBXProject section */

/* Begin PBXResourcesBuildPhase section */
		A6ED60C61AB550A400EA5F9F /* Resources */ = {
			isa = PBXResourcesBuildPhase;
			buildActionMask = 2147483647;
			files = (
				A6ED60DA1AB550A400EA5F9F /* Main.storyboard in Resources */,
				A6ED60DF1AB550A500EA5F9F /* LaunchScreen.xib in Resources */,
				A6ED60DC1AB550A500EA5F9F /* Images.xcassets in Resources */,
			);
			runOnlyForDeploymentPostprocessing = 0;
		};
		A6ED60E21AB550A500EA5F9F /* Resources */ = {
			isa = PBXResourcesBuildPhase;
			buildActionMask = 2147483647;
			files = (
			);
			runOnlyForDeploymentPostprocessing = 0;
		};
/* End PBXResourcesBuildPhase section */

/* Begin PBXSourcesBuildPhase section */
		A6ED60C41AB550A400EA5F9F /* Sources */ = {
			isa = PBXSourcesBuildPhase;
			buildActionMask = 2147483647;
			files = (
				A6ED60D71AB550A400EA5F9F /* SecondViewController.m in Sources */,
				A6ED60D11AB550A400EA5F9F /* AppDelegate.m in Sources */,
				A6ED60D41AB550A400EA5F9F /* FirstViewController.m in Sources */,
				A6ED60CE1AB550A400EA5F9F /* main.m in Sources */,
			);
			runOnlyForDeploymentPostprocessing = 0;
		};
		A6ED60E01AB550A500EA5F9F /* Sources */ = {
			isa = PBXSourcesBuildPhase;
			buildActionMask = 2147483647;
			files = (
				A6ED60EB1AB550A500EA5F9F /* AEDMapTests.m in Sources */,
			);
			runOnlyForDeploymentPostprocessing = 0;
		};
/* End PBXSourcesBuildPhase section */

/* Begin PBXTargetDependency section */
		A6ED60E61AB550A500EA5F9F /* PBXTargetDependency */ = {
			isa = PBXTargetDependency;
			target = A6ED60C71AB550A400EA5F9F /* AEDMap */;
			targetProxy = A6ED60E51AB550A500EA5F9F /* PBXContainerItemProxy */;
		};
/* End PBXTargetDependency section */

/* Begin PBXVariantGroup section */
		A6ED60D81AB550A400EA5F9F /* Main.storyboard */ = {
			isa = PBXVariantGroup;
			children = (
				A6ED60D91AB550A400EA5F9F /* Base */,
			);
			name = Main.storyboard;
			sourceTree = "<group>";
		};
		A6ED60DD1AB550A500EA5F9F /* LaunchScreen.xib */ = {
			isa = PBXVariantGroup;
			children = (
				A6ED60DE1AB550A500EA5F9F /* Base */,
			);
			name = LaunchScreen.xib;
			sourceTree = "<group>";
		};
/* End PBXVariantGroup section */

/* Begin XCBuildConfiguration section */
		A6ED60EC1AB550A500EA5F9F /* Debug */ = {
			isa = XCBuildConfiguration;
			buildSettings = {
				ALWAYS_SEARCH_USER_PATHS = NO;
				CLANG_CXX_LANGUAGE_STANDARD = "gnu++0x";
				CLANG_CXX_LIBRARY = "libc++";
				CLANG_ENABLE_MODULES = YES;
				CLANG_ENABLE_OBJC_ARC = YES;
				CLANG_WARN_BOOL_CONVERSION = YES;
				CLANG_WARN_CONSTANT_CONVERSION = YES;
				CLANG_WARN_DIRECT_OBJC_ISA_USAGE = YES_ERROR;
				CLANG_WARN_EMPTY_BODY = YES;
				CLANG_WARN_ENUM_CONVERSION = YES;
				CLANG_WARN_INT_CONVERSION = YES;
				CLANG_WARN_OBJC_ROOT_CLASS = YES_ERROR;
				CLANG_WARN_UNREACHABLE_CODE = YES;
				CLANG_WARN__DUPLICATE_METHOD_MATCH = YES;
				"CODE_SIGN_IDENTITY[sdk=iphoneos*]" = "iPhone Developer";
				COPY_PHASE_STRIP = NO;
				ENABLE_STRICT_OBJC_MSGSEND = YES;
				GCC_C_LANGUAGE_STANDARD = gnu99;
				GCC_DYNAMIC_NO_PIC = NO;
				GCC_OPTIMIZATION_LEVEL = 0;
				GCC_PREPROCESSOR_DEFINITIONS = (
					"DEBUG=1",
					"$(inherited)",
				);
				GCC_SYMBOLS_PRIVATE_EXTERN = NO;
				GCC_WARN_64_TO_32_BIT_CONVERSION = YES;
				GCC_WARN_ABOUT_RETURN_TYPE = YES_ERROR;
				GCC_WARN_UNDECLARED_SELECTOR = YES;
				GCC_WARN_UNINITIALIZED_AUTOS = YES_AGGRESSIVE;
				GCC_WARN_UNUSED_FUNCTION = YES;
				GCC_WARN_UNUSED_VARIABLE = YES;
				IPHONEOS_DEPLOYMENT_TARGET = 8.1;
				MTL_ENABLE_DEBUG_INFO = YES;
				ONLY_ACTIVE_ARCH = YES;
				SDKROOT = iphoneos;
			};
			name = Debug;
		};
		A6ED60ED1AB550A500EA5F9F /* Release */ = {
			isa = XCBuildConfiguration;
			buildSettings = {
				ALWAYS_SEARCH_USER_PATHS = NO;
				CLANG_CXX_LANGUAGE_STANDARD = "gnu++0x";
				CLANG_CXX_LIBRARY = "libc++";
				CLANG_ENABLE_MODULES = YES;
				CLANG_ENABLE_OBJC_ARC = YES;
				CLANG_WARN_BOOL_CONVERSION = YES;
				CLANG_WARN_CONSTANT_CONVERSION = YES;
				CLANG_WARN_DIRECT_OBJC_ISA_USAGE = YES_ERROR;
				CLANG_WARN_EMPTY_BODY = YES;
				CLANG_WARN_ENUM_CONVERSION = YES;
				CLANG_WARN_INT_CONVERSION = YES;
				CLANG_WARN_OBJC_ROOT_CLASS = YES_ERROR;
				CLANG_WARN_UNREACHABLE_CODE = YES;
				CLANG_WARN__DUPLICATE_METHOD_MATCH = YES;
				"CODE_SIGN_IDENTITY[sdk=iphoneos*]" = "iPhone Developer";
				COPY_PHASE_STRIP = YES;
				ENABLE_NS_ASSERTIONS = NO;
				ENABLE_STRICT_OBJC_MSGSEND = YES;
				GCC_C_LANGUAGE_STANDARD = gnu99;
				GCC_WARN_64_TO_32_BIT_CONVERSION = YES;
				GCC_WARN_ABOUT_RETURN_TYPE = YES_ERROR;
				GCC_WARN_UNDECLARED_SELECTOR = YES;
				GCC_WARN_UNINITIALIZED_AUTOS = YES_AGGRESSIVE;
				GCC_WARN_UNUSED_FUNCTION = YES;
				GCC_WARN_UNUSED_VARIABLE = YES;
				IPHONEOS_DEPLOYMENT_TARGET = 8.1;
				MTL_ENABLE_DEBUG_INFO = NO;
				SDKROOT = iphoneos;
				VALIDATE_PRODUCT = YES;
			};
			name = Release;
		};
		A6ED60EF1AB550A500EA5F9F /* Debug */ = {
			isa = XCBuildConfiguration;
			buildSettings = {
				ASSETCATALOG_COMPILER_APPICON_NAME = AppIcon;
				GCC_PREFIX_HEADER = "AEDMap/AEDMap-PrefixHeader.pch";
				INFOPLIST_FILE = AEDMap/Info.plist;
				LD_RUNPATH_SEARCH_PATHS = "$(inherited) @executable_path/Frameworks";
				PRODUCT_NAME = "$(TARGET_NAME)";
			};
			name = Debug;
		};
		A6ED60F01AB550A500EA5F9F /* Release */ = {
			isa = XCBuildConfiguration;
			buildSettings = {
				ASSETCATALOG_COMPILER_APPICON_NAME = AppIcon;
				GCC_PREFIX_HEADER = "AEDMap/AEDMap-PrefixHeader.pch";
				INFOPLIST_FILE = AEDMap/Info.plist;
				LD_RUNPATH_SEARCH_PATHS = "$(inherited) @executable_path/Frameworks";
				PRODUCT_NAME = "$(TARGET_NAME)";
			};
			name = Release;
		};
		A6ED60F21AB550A500EA5F9F /* Debug */ = {
			isa = XCBuildConfiguration;
			buildSettings = {
				BUNDLE_LOADER = "$(TEST_HOST)";
				FRAMEWORK_SEARCH_PATHS = (
					"$(SDKROOT)/Developer/Library/Frameworks",
					"$(inherited)",
				);
				GCC_PREPROCESSOR_DEFINITIONS = (
					"DEBUG=1",
					"$(inherited)",
				);
				INFOPLIST_FILE = AEDMapTests/Info.plist;
				LD_RUNPATH_SEARCH_PATHS = "$(inherited) @executable_path/Frameworks @loader_path/Frameworks";
				PRODUCT_NAME = "$(TARGET_NAME)";
				TEST_HOST = "$(BUILT_PRODUCTS_DIR)/AEDMap.app/AEDMap";
			};
			name = Debug;
		};
		A6ED60F31AB550A500EA5F9F /* Release */ = {
			isa = XCBuildConfiguration;
			buildSettings = {
				BUNDLE_LOADER = "$(TEST_HOST)";
				FRAMEWORK_SEARCH_PATHS = (
					"$(SDKROOT)/Developer/Library/Frameworks",
					"$(inherited)",
				);
				INFOPLIST_FILE = AEDMapTests/Info.plist;
				LD_RUNPATH_SEARCH_PATHS = "$(inherited) @executable_path/Frameworks @loader_path/Frameworks";
				PRODUCT_NAME = "$(TARGET_NAME)";
				TEST_HOST = "$(BUILT_PRODUCTS_DIR)/AEDMap.app/AEDMap";
			};
			name = Release;
		};
/* End XCBuildConfiguration section */

/* Begin XCConfigurationList section */
		A6ED60C31AB550A400EA5F9F /* Build configuration list for PBXProject "AEDMap" */ = {
			isa = XCConfigurationList;
			buildConfigurations = (
				A6ED60EC1AB550A500EA5F9F /* Debug */,
				A6ED60ED1AB550A500EA5F9F /* Release */,
			);
			defaultConfigurationIsVisible = 0;
			defaultConfigurationName = Release;
		};
		A6ED60EE1AB550A500EA5F9F /* Build configuration list for PBXNativeTarget "AEDMap" */ = {
			isa = XCConfigurationList;
			buildConfigurations = (
				A6ED60EF1AB550A500EA5F9F /* Debug */,
				A6ED60F01AB550A500EA5F9F /* Release */,
			);
			defaultConfigurationIsVisible = 0;
			defaultConfigurationName = Release;
		};
		A6ED60F11AB550A500EA5F9F /* Build configuration list for PBXNativeTarget "AEDMapTests" */ = {
			isa = XCConfigurationList;
			buildConfigurations = (
				A6ED60F21AB550A500EA5F9F /* Debug */,
				A6ED60F31AB550A500EA5F9F /* Release */,
			);
			defaultConfigurationIsVisible = 0;
			defaultConfigurationName = Release;
		};
/* End XCConfigurationList section */
	};
	rootObject = A6ED60C01AB550A400EA5F9F /* Project object */;
}
