// !$*UTF8*$!
{
	archiveVersion = 1;
	classes = {
	};
	objectVersion = 46;
	objects = {

/* Begin PBXBuildFile section */
		6B696FB5C3B161584B4CD94A /* libPods.a in Frameworks */ = {isa = PBXBuildFile; fileRef = 5ECBE9CBBDF39DE52A1893DF /* libPods.a */; };
		A6E60F6F1AC50EF0008BEBD3 /* main.m in Sources */ = {isa = PBXBuildFile; fileRef = A6E60F6E1AC50EF0008BEBD3 /* main.m */; };
		A6E60F721AC50EF0008BEBD3 /* AppDelegate.m in Sources */ = {isa = PBXBuildFile; fileRef = A6E60F711AC50EF0008BEBD3 /* AppDelegate.m */; };
		A6E60F751AC50EF0008BEBD3 /* AMMapViewController.m in Sources */ = {isa = PBXBuildFile; fileRef = A6E60F741AC50EF0008BEBD3 /* AMMapViewController.m */; };
		A6E60F781AC50EF0008BEBD3 /* SecondViewController.m in Sources */ = {isa = PBXBuildFile; fileRef = A6E60F771AC50EF0008BEBD3 /* SecondViewController.m */; };
		A6E60F7B1AC50EF0008BEBD3 /* Main.storyboard in Resources */ = {isa = PBXBuildFile; fileRef = A6E60F791AC50EF0008BEBD3 /* Main.storyboard */; };
		A6E60F7D1AC50EF0008BEBD3 /* Images.xcassets in Resources */ = {isa = PBXBuildFile; fileRef = A6E60F7C1AC50EF0008BEBD3 /* Images.xcassets */; };
		A6E60F801AC50EF0008BEBD3 /* LaunchScreen.xib in Resources */ = {isa = PBXBuildFile; fileRef = A6E60F7E1AC50EF0008BEBD3 /* LaunchScreen.xib */; };
		A6E60F8C1AC50EF0008BEBD3 /* AEDMapTests.m in Sources */ = {isa = PBXBuildFile; fileRef = A6E60F8B1AC50EF0008BEBD3 /* AEDMapTests.m */; };
		A6E60F961AC50FDD008BEBD3 /* CoreLocation.framework in Frameworks */ = {isa = PBXBuildFile; fileRef = A6E60F951AC50FDD008BEBD3 /* CoreLocation.framework */; };
		A6E60F981AC512C2008BEBD3 /* MapKit.framework in Frameworks */ = {isa = PBXBuildFile; fileRef = A6E60F971AC512C2008BEBD3 /* MapKit.framework */; };
		A6E60F9E1AC53922008BEBD3 /* AMDataManager.m in Sources */ = {isa = PBXBuildFile; fileRef = A6E60F9B1AC53922008BEBD3 /* AMDataManager.m */; };
		A6E60F9F1AC53922008BEBD3 /* CSVParser.m in Sources */ = {isa = PBXBuildFile; fileRef = A6E60F9D1AC53922008BEBD3 /* CSVParser.m */; };
		A6E60FA11AC53C06008BEBD3 /* aed_list.csv in Resources */ = {isa = PBXBuildFile; fileRef = A6E60FA01AC53C06008BEBD3 /* aed_list.csv */; };
		A6E60FA21AC53C22008BEBD3 /* aed_list.csv in Resources */ = {isa = PBXBuildFile; fileRef = A6E60FA01AC53C06008BEBD3 /* aed_list.csv */; };
		A6E60FA71AC540FF008BEBD3 /* AMDataAnnotationView.m in Sources */ = {isa = PBXBuildFile; fileRef = A6E60FA41AC540FF008BEBD3 /* AMDataAnnotationView.m */; };
		A6E60FA81AC540FF008BEBD3 /* AMPointAnnotation.m in Sources */ = {isa = PBXBuildFile; fileRef = A6E60FA61AC540FF008BEBD3 /* AMPointAnnotation.m */; };
/* End PBXBuildFile section */

/* Begin PBXContainerItemProxy section */
		A6E60F861AC50EF0008BEBD3 /* PBXContainerItemProxy */ = {
			isa = PBXContainerItemProxy;
			containerPortal = A6E60F611AC50EF0008BEBD3 /* Project object */;
			proxyType = 1;
			remoteGlobalIDString = A6E60F681AC50EF0008BEBD3;
			remoteInfo = AEDMap;
		};
/* End PBXContainerItemProxy section */

/* Begin PBXFileReference section */
		00B60DB3602997F7FA70B781 /* Pods.debug.xcconfig */ = {isa = PBXFileReference; includeInIndex = 1; lastKnownFileType = text.xcconfig; name = Pods.debug.xcconfig; path = "Pods/Target Support Files/Pods/Pods.debug.xcconfig"; sourceTree = "<group>"; };
		343FF31CA01CEEDBD45252BF /* Pods.release.xcconfig */ = {isa = PBXFileReference; includeInIndex = 1; lastKnownFileType = text.xcconfig; name = Pods.release.xcconfig; path = "Pods/Target Support Files/Pods/Pods.release.xcconfig"; sourceTree = "<group>"; };
		5ECBE9CBBDF39DE52A1893DF /* libPods.a */ = {isa = PBXFileReference; explicitFileType = archive.ar; includeInIndex = 0; path = libPods.a; sourceTree = BUILT_PRODUCTS_DIR; };
		A6E60F691AC50EF0008BEBD3 /* AEDMap.app */ = {isa = PBXFileReference; explicitFileType = wrapper.application; includeInIndex = 0; path = AEDMap.app; sourceTree = BUILT_PRODUCTS_DIR; };
		A6E60F6D1AC50EF0008BEBD3 /* Info.plist */ = {isa = PBXFileReference; lastKnownFileType = text.plist.xml; path = Info.plist; sourceTree = "<group>"; };
		A6E60F6E1AC50EF0008BEBD3 /* main.m */ = {isa = PBXFileReference; lastKnownFileType = sourcecode.c.objc; path = main.m; sourceTree = "<group>"; };
		A6E60F701AC50EF0008BEBD3 /* AppDelegate.h */ = {isa = PBXFileReference; lastKnownFileType = sourcecode.c.h; path = AppDelegate.h; sourceTree = "<group>"; };
		A6E60F711AC50EF0008BEBD3 /* AppDelegate.m */ = {isa = PBXFileReference; lastKnownFileType = sourcecode.c.objc; path = AppDelegate.m; sourceTree = "<group>"; };
		A6E60F731AC50EF0008BEBD3 /* AMMapViewController.h */ = {isa = PBXFileReference; lastKnownFileType = sourcecode.c.h; path = AMMapViewController.h; sourceTree = "<group>"; };
		A6E60F741AC50EF0008BEBD3 /* AMMapViewController.m */ = {isa = PBXFileReference; lastKnownFileType = sourcecode.c.objc; path = AMMapViewController.m; sourceTree = "<group>"; };
		A6E60F761AC50EF0008BEBD3 /* SecondViewController.h */ = {isa = PBXFileReference; lastKnownFileType = sourcecode.c.h; path = SecondViewController.h; sourceTree = "<group>"; };
		A6E60F771AC50EF0008BEBD3 /* SecondViewController.m */ = {isa = PBXFileReference; lastKnownFileType = sourcecode.c.objc; path = SecondViewController.m; sourceTree = "<group>"; };
		A6E60F7A1AC50EF0008BEBD3 /* Base */ = {isa = PBXFileReference; lastKnownFileType = file.storyboard; name = Base; path = Base.lproj/Main.storyboard; sourceTree = "<group>"; };
		A6E60F7C1AC50EF0008BEBD3 /* Images.xcassets */ = {isa = PBXFileReference; lastKnownFileType = folder.assetcatalog; path = Images.xcassets; sourceTree = "<group>"; };
		A6E60F7F1AC50EF0008BEBD3 /* Base */ = {isa = PBXFileReference; lastKnownFileType = file.xib; name = Base; path = Base.lproj/LaunchScreen.xib; sourceTree = "<group>"; };
		A6E60F851AC50EF0008BEBD3 /* AEDMapTests.xctest */ = {isa = PBXFileReference; explicitFileType = wrapper.cfbundle; includeInIndex = 0; path = AEDMapTests.xctest; sourceTree = BUILT_PRODUCTS_DIR; };
		A6E60F8A1AC50EF0008BEBD3 /* Info.plist */ = {isa = PBXFileReference; lastKnownFileType = text.plist.xml; path = Info.plist; sourceTree = "<group>"; };
		A6E60F8B1AC50EF0008BEBD3 /* AEDMapTests.m */ = {isa = PBXFileReference; lastKnownFileType = sourcecode.c.objc; path = AEDMapTests.m; sourceTree = "<group>"; };
		A6E60F951AC50FDD008BEBD3 /* CoreLocation.framework */ = {isa = PBXFileReference; lastKnownFileType = wrapper.framework; name = CoreLocation.framework; path = System/Library/Frameworks/CoreLocation.framework; sourceTree = SDKROOT; };
		A6E60F971AC512C2008BEBD3 /* MapKit.framework */ = {isa = PBXFileReference; lastKnownFileType = wrapper.framework; name = MapKit.framework; path = System/Library/Frameworks/MapKit.framework; sourceTree = SDKROOT; };
		A6E60F991AC514FB008BEBD3 /* AEDMap-PrefixHeader.pch */ = {isa = PBXFileReference; fileEncoding = 4; lastKnownFileType = sourcecode.c.h; path = "AEDMap-PrefixHeader.pch"; sourceTree = "<group>"; };
		A6E60F9A1AC53922008BEBD3 /* AMDataManager.h */ = {isa = PBXFileReference; fileEncoding = 4; lastKnownFileType = sourcecode.c.h; path = AMDataManager.h; sourceTree = "<group>"; };
		A6E60F9B1AC53922008BEBD3 /* AMDataManager.m */ = {isa = PBXFileReference; fileEncoding = 4; lastKnownFileType = sourcecode.c.objc; path = AMDataManager.m; sourceTree = "<group>"; };
		A6E60F9C1AC53922008BEBD3 /* CSVParser.h */ = {isa = PBXFileReference; fileEncoding = 4; lastKnownFileType = sourcecode.c.h; path = CSVParser.h; sourceTree = "<group>"; };
		A6E60F9D1AC53922008BEBD3 /* CSVParser.m */ = {isa = PBXFileReference; fileEncoding = 4; lastKnownFileType = sourcecode.c.objc; path = CSVParser.m; sourceTree = "<group>"; };
		A6E60FA01AC53C06008BEBD3 /* aed_list.csv */ = {isa = PBXFileReference; fileEncoding = 4; lastKnownFileType = text; path = aed_list.csv; sourceTree = "<group>"; };
		A6E60FA31AC540FF008BEBD3 /* AMDataAnnotationView.h */ = {isa = PBXFileReference; fileEncoding = 4; lastKnownFileType = sourcecode.c.h; path = AMDataAnnotationView.h; sourceTree = "<group>"; };
		A6E60FA41AC540FF008BEBD3 /* AMDataAnnotationView.m */ = {isa = PBXFileReference; fileEncoding = 4; lastKnownFileType = sourcecode.c.objc; path = AMDataAnnotationView.m; sourceTree = "<group>"; };
		A6E60FA51AC540FF008BEBD3 /* AMPointAnnotation.h */ = {isa = PBXFileReference; fileEncoding = 4; lastKnownFileType = sourcecode.c.h; path = AMPointAnnotation.h; sourceTree = "<group>"; };
		A6E60FA61AC540FF008BEBD3 /* AMPointAnnotation.m */ = {isa = PBXFileReference; fileEncoding = 4; lastKnownFileType = sourcecode.c.objc; path = AMPointAnnotation.m; sourceTree = "<group>"; };
/* End PBXFileReference section */

/* Begin PBXFrameworksBuildPhase section */
		A6E60F661AC50EF0008BEBD3 /* Frameworks */ = {
			isa = PBXFrameworksBuildPhase;
			buildActionMask = 2147483647;
			files = (
				A6E60F981AC512C2008BEBD3 /* MapKit.framework in Frameworks */,
				A6E60F961AC50FDD008BEBD3 /* CoreLocation.framework in Frameworks */,
				6B696FB5C3B161584B4CD94A /* libPods.a in Frameworks */,
			);
			runOnlyForDeploymentPostprocessing = 0;
		};
		A6E60F821AC50EF0008BEBD3 /* Frameworks */ = {
			isa = PBXFrameworksBuildPhase;
			buildActionMask = 2147483647;
			files = (
			);
			runOnlyForDeploymentPostprocessing = 0;
		};
/* End PBXFrameworksBuildPhase section */

/* Begin PBXGroup section */
		176DF0217C5654705AFA50E5 /* Pods */ = {
			isa = PBXGroup;
			children = (
				00B60DB3602997F7FA70B781 /* Pods.debug.xcconfig */,
				343FF31CA01CEEDBD45252BF /* Pods.release.xcconfig */,
			);
			name = Pods;
			sourceTree = "<group>";
		};
		8B9D0C0D3AD453290BC4EC4E /* Frameworks */ = {
			isa = PBXGroup;
			children = (
				A6E60F971AC512C2008BEBD3 /* MapKit.framework */,
				A6E60F951AC50FDD008BEBD3 /* CoreLocation.framework */,
				5ECBE9CBBDF39DE52A1893DF /* libPods.a */,
			);
			name = Frameworks;
			sourceTree = "<group>";
		};
		A6E60F601AC50EF0008BEBD3 = {
			isa = PBXGroup;
			children = (
				A6E60F6B1AC50EF0008BEBD3 /* AEDMap */,
				A6E60F881AC50EF0008BEBD3 /* AEDMapTests */,
				A6E60F6A1AC50EF0008BEBD3 /* Products */,
				176DF0217C5654705AFA50E5 /* Pods */,
				8B9D0C0D3AD453290BC4EC4E /* Frameworks */,
			);
			sourceTree = "<group>";
		};
		A6E60F6A1AC50EF0008BEBD3 /* Products */ = {
			isa = PBXGroup;
			children = (
				A6E60F691AC50EF0008BEBD3 /* AEDMap.app */,
				A6E60F851AC50EF0008BEBD3 /* AEDMapTests.xctest */,
			);
			name = Products;
			sourceTree = "<group>";
		};
		A6E60F6B1AC50EF0008BEBD3 /* AEDMap */ = {
			isa = PBXGroup;
			children = (
				A6E60FA31AC540FF008BEBD3 /* AMDataAnnotationView.h */,
				A6E60FA41AC540FF008BEBD3 /* AMDataAnnotationView.m */,
				A6E60FA51AC540FF008BEBD3 /* AMPointAnnotation.h */,
				A6E60FA61AC540FF008BEBD3 /* AMPointAnnotation.m */,
				A6E60FA01AC53C06008BEBD3 /* aed_list.csv */,
				A6E60F9A1AC53922008BEBD3 /* AMDataManager.h */,
				A6E60F9B1AC53922008BEBD3 /* AMDataManager.m */,
				A6E60F9C1AC53922008BEBD3 /* CSVParser.h */,
				A6E60F9D1AC53922008BEBD3 /* CSVParser.m */,
				A6E60F701AC50EF0008BEBD3 /* AppDelegate.h */,
				A6E60F711AC50EF0008BEBD3 /* AppDelegate.m */,
				A6E60F731AC50EF0008BEBD3 /* AMMapViewController.h */,
				A6E60F741AC50EF0008BEBD3 /* AMMapViewController.m */,
				A6E60F761AC50EF0008BEBD3 /* SecondViewController.h */,
				A6E60F771AC50EF0008BEBD3 /* SecondViewController.m */,
				A6E60F791AC50EF0008BEBD3 /* Main.storyboard */,
				A6E60F7C1AC50EF0008BEBD3 /* Images.xcassets */,
				A6E60F7E1AC50EF0008BEBD3 /* LaunchScreen.xib */,
				A6E60F6C1AC50EF0008BEBD3 /* Supporting Files */,
			);
			path = AEDMap;
			sourceTree = "<group>";
		};
		A6E60F6C1AC50EF0008BEBD3 /* Supporting Files */ = {
			isa = PBXGroup;
			children = (
				A6E60F991AC514FB008BEBD3 /* AEDMap-PrefixHeader.pch */,
				A6E60F6D1AC50EF0008BEBD3 /* Info.plist */,
				A6E60F6E1AC50EF0008BEBD3 /* main.m */,
			);
			name = "Supporting Files";
			sourceTree = "<group>";
		};
		A6E60F881AC50EF0008BEBD3 /* AEDMapTests */ = {
			isa = PBXGroup;
			children = (
				A6E60F8B1AC50EF0008BEBD3 /* AEDMapTests.m */,
				A6E60F891AC50EF0008BEBD3 /* Supporting Files */,
			);
			path = AEDMapTests;
			sourceTree = "<group>";
		};
		A6E60F891AC50EF0008BEBD3 /* Supporting Files */ = {
			isa = PBXGroup;
			children = (
				A6E60F8A1AC50EF0008BEBD3 /* Info.plist */,
			);
			name = "Supporting Files";
			sourceTree = "<group>";
		};
/* End PBXGroup section */

/* Begin PBXNativeTarget section */
		A6E60F681AC50EF0008BEBD3 /* AEDMap */ = {
			isa = PBXNativeTarget;
			buildConfigurationList = A6E60F8F1AC50EF0008BEBD3 /* Build configuration list for PBXNativeTarget "AEDMap" */;
			buildPhases = (
				A21892CA0F6299EB90132070 /* Check Pods Manifest.lock */,
				A6E60F651AC50EF0008BEBD3 /* Sources */,
				A6E60F661AC50EF0008BEBD3 /* Frameworks */,
				A6E60F671AC50EF0008BEBD3 /* Resources */,
				183333DC6A4DBFA49E2F9202 /* Copy Pods Resources */,
			);
			buildRules = (
			);
			dependencies = (
			);
			name = AEDMap;
			productName = AEDMap;
			productReference = A6E60F691AC50EF0008BEBD3 /* AEDMap.app */;
			productType = "com.apple.product-type.application";
		};
		A6E60F841AC50EF0008BEBD3 /* AEDMapTests */ = {
			isa = PBXNativeTarget;
			buildConfigurationList = A6E60F921AC50EF0008BEBD3 /* Build configuration list for PBXNativeTarget "AEDMapTests" */;
			buildPhases = (
				A6E60F811AC50EF0008BEBD3 /* Sources */,
				A6E60F821AC50EF0008BEBD3 /* Frameworks */,
				A6E60F831AC50EF0008BEBD3 /* Resources */,
			);
			buildRules = (
			);
			dependencies = (
				A6E60F871AC50EF0008BEBD3 /* PBXTargetDependency */,
			);
			name = AEDMapTests;
			productName = AEDMapTests;
			productReference = A6E60F851AC50EF0008BEBD3 /* AEDMapTests.xctest */;
			productType = "com.apple.product-type.bundle.unit-test";
		};
/* End PBXNativeTarget section */

/* Begin PBXProject section */
		A6E60F611AC50EF0008BEBD3 /* Project object */ = {
			isa = PBXProject;
			attributes = {
				CLASSPREFIX = AM;
				LastUpgradeCheck = 0620;
				ORGANIZATIONNAME = "越智 修司";
				TargetAttributes = {
					A6E60F681AC50EF0008BEBD3 = {
						CreatedOnToolsVersion = 6.2;
					};
					A6E60F841AC50EF0008BEBD3 = {
						CreatedOnToolsVersion = 6.2;
						TestTargetID = A6E60F681AC50EF0008BEBD3;
					};
				};
			};
			buildConfigurationList = A6E60F641AC50EF0008BEBD3 /* Build configuration list for PBXProject "AEDMap" */;
			compatibilityVersion = "Xcode 3.2";
			developmentRegion = English;
			hasScannedForEncodings = 0;
			knownRegions = (
				en,
				Base,
			);
			mainGroup = A6E60F601AC50EF0008BEBD3;
			productRefGroup = A6E60F6A1AC50EF0008BEBD3 /* Products */;
			projectDirPath = "";
			projectRoot = "";
			targets = (
				A6E60F681AC50EF0008BEBD3 /* AEDMap */,
				A6E60F841AC50EF0008BEBD3 /* AEDMapTests */,
			);
		};
/* End PBXProject section */

/* Begin PBXResourcesBuildPhase section */
		A6E60F671AC50EF0008BEBD3 /* Resources */ = {
			isa = PBXResourcesBuildPhase;
			buildActionMask = 2147483647;
			files = (
				A6E60F7B1AC50EF0008BEBD3 /* Main.storyboard in Resources */,
				A6E60F801AC50EF0008BEBD3 /* LaunchScreen.xib in Resources */,
				A6E60F7D1AC50EF0008BEBD3 /* Images.xcassets in Resources */,
				A6E60FA11AC53C06008BEBD3 /* aed_list.csv in Resources */,
			);
			runOnlyForDeploymentPostprocessing = 0;
		};
		A6E60F831AC50EF0008BEBD3 /* Resources */ = {
			isa = PBXResourcesBuildPhase;
			buildActionMask = 2147483647;
			files = (
				A6E60FA21AC53C22008BEBD3 /* aed_list.csv in Resources */,
			);
			runOnlyForDeploymentPostprocessing = 0;
		};
/* End PBXResourcesBuildPhase section */

/* Begin PBXShellScriptBuildPhase section */
		183333DC6A4DBFA49E2F9202 /* Copy Pods Resources */ = {
			isa = PBXShellScriptBuildPhase;
			buildActionMask = 2147483647;
			files = (
			);
			inputPaths = (
			);
			name = "Copy Pods Resources";
			outputPaths = (
			);
			runOnlyForDeploymentPostprocessing = 0;
			shellPath = /bin/sh;
			shellScript = "\"${SRCROOT}/Pods/Target Support Files/Pods/Pods-resources.sh\"\n";
			showEnvVarsInLog = 0;
		};
		A21892CA0F6299EB90132070 /* Check Pods Manifest.lock */ = {
			isa = PBXShellScriptBuildPhase;
			buildActionMask = 2147483647;
			files = (
			);
			inputPaths = (
			);
			name = "Check Pods Manifest.lock";
			outputPaths = (
			);
			runOnlyForDeploymentPostprocessing = 0;
			shellPath = /bin/sh;
			shellScript = "diff \"${PODS_ROOT}/../Podfile.lock\" \"${PODS_ROOT}/Manifest.lock\" > /dev/null\nif [[ $? != 0 ]] ; then\n    cat << EOM\nerror: The sandbox is not in sync with the Podfile.lock. Run 'pod install' or update your CocoaPods installation.\nEOM\n    exit 1\nfi\n";
			showEnvVarsInLog = 0;
		};
/* End PBXShellScriptBuildPhase section */

/* Begin PBXSourcesBuildPhase section */
		A6E60F651AC50EF0008BEBD3 /* Sources */ = {
			isa = PBXSourcesBuildPhase;
			buildActionMask = 2147483647;
			files = (
				A6E60F781AC50EF0008BEBD3 /* SecondViewController.m in Sources */,
				A6E60FA81AC540FF008BEBD3 /* AMPointAnnotation.m in Sources */,
				A6E60FA71AC540FF008BEBD3 /* AMDataAnnotationView.m in Sources */,
				A6E60F9F1AC53922008BEBD3 /* CSVParser.m in Sources */,
				A6E60F721AC50EF0008BEBD3 /* AppDelegate.m in Sources */,
				A6E60F751AC50EF0008BEBD3 /* AMMapViewController.m in Sources */,
				A6E60F9E1AC53922008BEBD3 /* AMDataManager.m in Sources */,
				A6E60F6F1AC50EF0008BEBD3 /* main.m in Sources */,
			);
			runOnlyForDeploymentPostprocessing = 0;
		};
		A6E60F811AC50EF0008BEBD3 /* Sources */ = {
			isa = PBXSourcesBuildPhase;
			buildActionMask = 2147483647;
			files = (
				A6E60F8C1AC50EF0008BEBD3 /* AEDMapTests.m in Sources */,
			);
			runOnlyForDeploymentPostprocessing = 0;
		};
/* End PBXSourcesBuildPhase section */

/* Begin PBXTargetDependency section */
		A6E60F871AC50EF0008BEBD3 /* PBXTargetDependency */ = {
			isa = PBXTargetDependency;
			target = A6E60F681AC50EF0008BEBD3 /* AEDMap */;
			targetProxy = A6E60F861AC50EF0008BEBD3 /* PBXContainerItemProxy */;
		};
/* End PBXTargetDependency section */

/* Begin PBXVariantGroup section */
		A6E60F791AC50EF0008BEBD3 /* Main.storyboard */ = {
			isa = PBXVariantGroup;
			children = (
				A6E60F7A1AC50EF0008BEBD3 /* Base */,
			);
			name = Main.storyboard;
			sourceTree = "<group>";
		};
		A6E60F7E1AC50EF0008BEBD3 /* LaunchScreen.xib */ = {
			isa = PBXVariantGroup;
			children = (
				A6E60F7F1AC50EF0008BEBD3 /* Base */,
			);
			name = LaunchScreen.xib;
			sourceTree = "<group>";
		};
/* End PBXVariantGroup section */

/* Begin XCBuildConfiguration section */
		A6E60F8D1AC50EF0008BEBD3 /* Debug */ = {
			isa = XCBuildConfiguration;
			buildSettings = {
				ALWAYS_SEARCH_USER_PATHS = NO;
				CLANG_CXX_LANGUAGE_STANDARD = "gnu++0x";
				CLANG_CXX_LIBRARY = "libc++";
				CLANG_ENABLE_MODULES = YES;
				CLANG_ENABLE_OBJC_ARC = YES;
				CLANG_WARN_BOOL_CONVERSION = YES;
				CLANG_WARN_CONSTANT_CONVERSION = YES;
				CLANG_WARN_DIRECT_OBJC_ISA_USAGE = YES_ERROR;
				CLANG_WARN_EMPTY_BODY = YES;
				CLANG_WARN_ENUM_CONVERSION = YES;
				CLANG_WARN_INT_CONVERSION = YES;
				CLANG_WARN_OBJC_ROOT_CLASS = YES_ERROR;
				CLANG_WARN_UNREACHABLE_CODE = YES;
				CLANG_WARN__DUPLICATE_METHOD_MATCH = YES;
				"CODE_SIGN_IDENTITY[sdk=iphoneos*]" = "iPhone Developer";
				COPY_PHASE_STRIP = NO;
				ENABLE_STRICT_OBJC_MSGSEND = YES;
				GCC_C_LANGUAGE_STANDARD = gnu99;
				GCC_DYNAMIC_NO_PIC = NO;
				GCC_OPTIMIZATION_LEVEL = 0;
				GCC_PREPROCESSOR_DEFINITIONS = (
					"DEBUG=1",
					"$(inherited)",
				);
				GCC_SYMBOLS_PRIVATE_EXTERN = NO;
				GCC_WARN_64_TO_32_BIT_CONVERSION = YES;
				GCC_WARN_ABOUT_RETURN_TYPE = YES_ERROR;
				GCC_WARN_UNDECLARED_SELECTOR = YES;
				GCC_WARN_UNINITIALIZED_AUTOS = YES_AGGRESSIVE;
				GCC_WARN_UNUSED_FUNCTION = YES;
				GCC_WARN_UNUSED_VARIABLE = YES;
				IPHONEOS_DEPLOYMENT_TARGET = 8.2;
				MTL_ENABLE_DEBUG_INFO = YES;
				ONLY_ACTIVE_ARCH = YES;
				SDKROOT = iphoneos;
			};
			name = Debug;
		};
		A6E60F8E1AC50EF0008BEBD3 /* Release */ = {
			isa = XCBuildConfiguration;
			buildSettings = {
				ALWAYS_SEARCH_USER_PATHS = NO;
				CLANG_CXX_LANGUAGE_STANDARD = "gnu++0x";
				CLANG_CXX_LIBRARY = "libc++";
				CLANG_ENABLE_MODULES = YES;
				CLANG_ENABLE_OBJC_ARC = YES;
				CLANG_WARN_BOOL_CONVERSION = YES;
				CLANG_WARN_CONSTANT_CONVERSION = YES;
				CLANG_WARN_DIRECT_OBJC_ISA_USAGE = YES_ERROR;
				CLANG_WARN_EMPTY_BODY = YES;
				CLANG_WARN_ENUM_CONVERSION = YES;
				CLANG_WARN_INT_CONVERSION = YES;
				CLANG_WARN_OBJC_ROOT_CLASS = YES_ERROR;
				CLANG_WARN_UNREACHABLE_CODE = YES;
				CLANG_WARN__DUPLICATE_METHOD_MATCH = YES;
				"CODE_SIGN_IDENTITY[sdk=iphoneos*]" = "iPhone Developer";
				COPY_PHASE_STRIP = NO;
				ENABLE_NS_ASSERTIONS = NO;
				ENABLE_STRICT_OBJC_MSGSEND = YES;
				GCC_C_LANGUAGE_STANDARD = gnu99;
				GCC_WARN_64_TO_32_BIT_CONVERSION = YES;
				GCC_WARN_ABOUT_RETURN_TYPE = YES_ERROR;
				GCC_WARN_UNDECLARED_SELECTOR = YES;
				GCC_WARN_UNINITIALIZED_AUTOS = YES_AGGRESSIVE;
				GCC_WARN_UNUSED_FUNCTION = YES;
				GCC_WARN_UNUSED_VARIABLE = YES;
				IPHONEOS_DEPLOYMENT_TARGET = 8.2;
				MTL_ENABLE_DEBUG_INFO = NO;
				SDKROOT = iphoneos;
				VALIDATE_PRODUCT = YES;
			};
			name = Release;
		};
		A6E60F901AC50EF0008BEBD3 /* Debug */ = {
			isa = XCBuildConfiguration;
			baseConfigurationReference = 00B60DB3602997F7FA70B781 /* Pods.debug.xcconfig */;
			buildSettings = {
				ASSETCATALOG_COMPILER_APPICON_NAME = AppIcon;
				GCC_PREFIX_HEADER = "AEDMap/AEDMap-PrefixHeader.pch";
				INFOPLIST_FILE = AEDMap/Info.plist;
				LD_RUNPATH_SEARCH_PATHS = "$(inherited) @executable_path/Frameworks";
				PRODUCT_NAME = "$(TARGET_NAME)";
			};
			name = Debug;
		};
		A6E60F911AC50EF0008BEBD3 /* Release */ = {
			isa = XCBuildConfiguration;
			baseConfigurationReference = 343FF31CA01CEEDBD45252BF /* Pods.release.xcconfig */;
			buildSettings = {
				ASSETCATALOG_COMPILER_APPICON_NAME = AppIcon;
				GCC_PREFIX_HEADER = "AEDMap/AEDMap-PrefixHeader.pch";
				INFOPLIST_FILE = AEDMap/Info.plist;
				LD_RUNPATH_SEARCH_PATHS = "$(inherited) @executable_path/Frameworks";
				PRODUCT_NAME = "$(TARGET_NAME)";
			};
			name = Release;
		};
		A6E60F931AC50EF0008BEBD3 /* Debug */ = {
			isa = XCBuildConfiguration;
			buildSettings = {
				BUNDLE_LOADER = "$(TEST_HOST)";
				FRAMEWORK_SEARCH_PATHS = (
					"$(SDKROOT)/Developer/Library/Frameworks",
					"$(inherited)",
				);
				GCC_PREPROCESSOR_DEFINITIONS = (
					"DEBUG=1",
					"$(inherited)",
				);
				INFOPLIST_FILE = AEDMapTests/Info.plist;
				LD_RUNPATH_SEARCH_PATHS = "$(inherited) @executable_path/Frameworks @loader_path/Frameworks";
				PRODUCT_NAME = "$(TARGET_NAME)";
				TEST_HOST = "$(BUILT_PRODUCTS_DIR)/AEDMap.app/AEDMap";
			};
			name = Debug;
		};
		A6E60F941AC50EF0008BEBD3 /* Release */ = {
			isa = XCBuildConfiguration;
			buildSettings = {
				BUNDLE_LOADER = "$(TEST_HOST)";
				FRAMEWORK_SEARCH_PATHS = (
					"$(SDKROOT)/Developer/Library/Frameworks",
					"$(inherited)",
				);
				INFOPLIST_FILE = AEDMapTests/Info.plist;
				LD_RUNPATH_SEARCH_PATHS = "$(inherited) @executable_path/Frameworks @loader_path/Frameworks";
				PRODUCT_NAME = "$(TARGET_NAME)";
				TEST_HOST = "$(BUILT_PRODUCTS_DIR)/AEDMap.app/AEDMap";
			};
			name = Release;
		};
/* End XCBuildConfiguration section */

/* Begin XCConfigurationList section */
		A6E60F641AC50EF0008BEBD3 /* Build configuration list for PBXProject "AEDMap" */ = {
			isa = XCConfigurationList;
			buildConfigurations = (
				A6E60F8D1AC50EF0008BEBD3 /* Debug */,
				A6E60F8E1AC50EF0008BEBD3 /* Release */,
			);
			defaultConfigurationIsVisible = 0;
			defaultConfigurationName = Release;
		};
		A6E60F8F1AC50EF0008BEBD3 /* Build configuration list for PBXNativeTarget "AEDMap" */ = {
			isa = XCConfigurationList;
			buildConfigurations = (
				A6E60F901AC50EF0008BEBD3 /* Debug */,
				A6E60F911AC50EF0008BEBD3 /* Release */,
			);
			defaultConfigurationIsVisible = 0;
			defaultConfigurationName = Release;
		};
		A6E60F921AC50EF0008BEBD3 /* Build configuration list for PBXNativeTarget "AEDMapTests" */ = {
			isa = XCConfigurationList;
			buildConfigurations = (
				A6E60F931AC50EF0008BEBD3 /* Debug */,
				A6E60F941AC50EF0008BEBD3 /* Release */,
			);
			defaultConfigurationIsVisible = 0;
			defaultConfigurationName = Release;
		};
/* End XCConfigurationList section */
	};
	rootObject = A6E60F611AC50EF0008BEBD3 /* Project object */;
}
