PODS:
  - ADClusterMapView (1.0.3)
  - AFNetworking (2.5.2):
    - AFNetworking/NSURLConnection (= 2.5.2)
    - AFNetworking/NSURLSession (= 2.5.2)
    - AFNetworking/Reachability (= 2.5.2)
    - AFNetworking/Security (= 2.5.2)
    - AFNetworking/Serialization (= 2.5.2)
    - AFNetworking/UIKit (= 2.5.2)
  - AFNetworking/NSURLConnection (2.5.2):
    - AFNetworking/Reachability
    - AFNetworking/Security
    - AFNetworking/Serialization
  - AFNetworking/NSURLSession (2.5.2):
    - AFNetworking/Reachability
    - AFNetworking/Security
    - AFNetworking/Serialization
  - AFNetworking/Reachability (2.5.2)
  - AFNetworking/Security (2.5.2)
  - AFNetworking/Serialization (2.5.2)
  - AFNetworking/UIKit (2.5.2):
    - AFNetworking/NSURLConnection
    - AFNetworking/NSURLSession
  - BlocksKit (2.2.5):
    - BlocksKit/All (= 2.2.5)
  - BlocksKit/All (2.2.5):
    - BlocksKit/Core
    - BlocksKit/DynamicDelegate
    - BlocksKit/MessageUI
    - BlocksKit/UIKit
  - BlocksKit/Core (2.2.5)
  - BlocksKit/DynamicDelegate (2.2.5)
  - BlocksKit/MessageUI (2.2.5):
    - BlocksKit/Core
    - BlocksKit/DynamicDelegate
  - BlocksKit/UIKit (2.2.5):
    - BlocksKit/Core
    - BlocksKit/DynamicDelegate
  - GVUserDefaults (0.9.5)
  - SVProgressHUD (1.1.3)

DEPENDENCIES:
  - ADClusterMapView (~> 1.0.2)
  - AFNetworking (~> 2.4)
  - BlocksKit (~> 2.2)
  - GVUserDefaults (~> 0.9)
  - SVProgressHUD (~> 1.1)

SPEC CHECKSUMS:
  ADClusterMapView: 2bd494b8330e2fe24f830ddb4d35b9a52f2182f8
  AFNetworking: fefbce9660acb17f48ae0011292d4da0f457bf36
  BlocksKit: 7f422b971407001178d181a43b99014ea2591fe6
  GVUserDefaults: bd3efc5beab8f501d17e566eddc7acd6f2425c2a
  SVProgressHUD: 748080e4f36e603f6c02aec292664239df5279c1

COCOAPODS: 0.35.0
